# THIS IS AN AUTOGENERATED FILE. DO NOT EDIT THIS FILE DIRECTLY.
# yarn lockfile v1


"@babel/helper-create-regexp-features-plugin@^7.7.0":
  version "7.7.2"
  resolved "https://registry.yarnpkg.com/@babel/helper-create-regexp-features-plugin/-/helper-create-regexp-features-plugin-7.7.2.tgz#6f20443778c8fce2af2ff4206284afc0ced65db6"
  integrity sha512-pAil/ZixjTlrzNpjx+l/C/wJk002Wo7XbbZ8oujH/AoJ3Juv0iN/UTcPUHXKMFLqsfS0Hy6Aow8M31brUYBlQQ==
  dependencies:
    "@babel/helper-regex" "^7.4.4"
    regexpu-core "^4.6.0"

"@babel/helper-plugin-utils@^7.0.0":
  version "7.0.0"
  resolved "https://registry.yarnpkg.com/@babel/helper-plugin-utils/-/helper-plugin-utils-7.0.0.tgz#bbb3fbee98661c569034237cc03967ba99b4f250"
  integrity sha512-CYAOUCARwExnEixLdB6sDm2dIJ/YgEAKDM1MOeMeZu9Ld/bDgVo8aiWrXwcY7OBh+1Ea2uUcVRcxKk0GJvW7QA==

"@babel/helper-regex@^7.4.4":
  version "7.5.5"
  resolved "https://registry.yarnpkg.com/@babel/helper-regex/-/helper-regex-7.5.5.tgz#0aa6824f7100a2e0e89c1527c23936c152cab351"
  integrity sha512-CkCYQLkfkiugbRDO8eZn6lRuR8kzZoGXCg3149iTk5se7g6qykSpy3+hELSwquhu+TgHn8nkLiBwHvNX8Hofcw==
  dependencies:
    lodash "^4.17.13"

"@babel/plugin-proposal-unicode-property-regex@^7.4.4":
  version "7.7.0"
  resolved "https://registry.yarnpkg.com/@babel/plugin-proposal-unicode-property-regex/-/plugin-proposal-unicode-property-regex-7.7.0.tgz#549fe1717a1bd0a2a7e63163841cb37e78179d5d"
  integrity sha512-mk34H+hp7kRBWJOOAR0ZMGCydgKMD4iN9TpDRp3IIcbunltxEY89XSimc6WbtSLCDrwcdy/EEw7h5CFCzxTchw==
  dependencies:
    "@babel/helper-create-regexp-features-plugin" "^7.7.0"
    "@babel/helper-plugin-utils" "^7.0.0"

"@babel/plugin-transform-dotall-regex@^7.4.4":
  version "7.7.0"
  resolved "https://registry.yarnpkg.com/@babel/plugin-transform-dotall-regex/-/plugin-transform-dotall-regex-7.7.0.tgz#c5c9ecacab3a5e0c11db6981610f0c32fd698b3b"
  integrity sha512-3QQlF7hSBnSuM1hQ0pS3pmAbWLax/uGNCbPBND9y+oJ4Y776jsyujG2k0Sn2Aj2a0QwVOiOFL5QVPA7spjvzSA==
  dependencies:
    "@babel/helper-create-regexp-features-plugin" "^7.7.0"
    "@babel/helper-plugin-utils" "^7.0.0"

"@babel/preset-modules@^0.1.0":
  version "0.1.0"
  resolved "https://registry.yarnpkg.com/@babel/preset-modules/-/preset-modules-0.1.0.tgz#bbf47ed5530f8d663f0eb1c592864964b7cdaead"
  integrity sha512-6t3sNgGW4AhaR71sfXCVUq/4BlWDn1QhRbECD6CMPkMPxUhj66d1ss7xllftdi4WnrJWJ1RD3jDQnEqMcAFd5g==
  dependencies:
    "@babel/helper-plugin-utils" "^7.0.0"
    "@babel/plugin-proposal-unicode-property-regex" "^7.4.4"
    "@babel/plugin-transform-dotall-regex" "^7.4.4"
    "@babel/types" "^7.4.4"
    esutils "^2.0.2"

"@babel/types@^7.4.4":
  version "7.7.2"
  resolved "https://registry.yarnpkg.com/@babel/types/-/types-7.7.2.tgz#550b82e5571dcd174af576e23f0adba7ffc683f7"
  integrity sha512-YTf6PXoh3+eZgRCBzzP25Bugd2ngmpQVrk7kXX0i5N9BO7TFBtIgZYs7WtxtOGs8e6A4ZI7ECkbBCEHeXocvOA==
  dependencies:
    esutils "^2.0.2"
    lodash "^4.17.13"
    to-fast-properties "^2.0.0"

esutils@^2.0.2:
  version "2.0.3"
  resolved "https://registry.yarnpkg.com/esutils/-/esutils-2.0.3.tgz#74d2eb4de0b8da1293711910d50775b9b710ef64"
  integrity sha512-kVscqXk4OCp68SZ0dkgEKVi6/8ij300KBWTJq32P/dYeWTSwK41WyTxalN1eRmA5Z9UU/LX9D7FWSmV9SAYx6g==

jsesc@~0.5.0:
  version "0.5.0"
  resolved "https://registry.yarnpkg.com/jsesc/-/jsesc-0.5.0.tgz#e7dee66e35d6fc16f710fe91d5cf69f70f08911d"
  integrity sha1-597mbjXW/Bb3EP6R1c9p9w8IkR0=

lodash@^4.17.13:
  version "4.17.15"
  resolved "https://registry.yarnpkg.com/lodash/-/lodash-4.17.15.tgz#b447f6670a0455bbfeedd11392eff330ea097548"
  integrity sha512-8xOcRHvCjnocdS5cpwXQXVzmmh5e5+saE2QGoeQmbKmRS6J3VQppPOIt0MnmE+4xlZoumy0GPG0D0MVIQbNA1A==

regenerate-unicode-properties@^8.1.0:
  version "8.1.0"
  resolved "https://registry.yarnpkg.com/regenerate-unicode-properties/-/regenerate-unicode-properties-8.1.0.tgz#ef51e0f0ea4ad424b77bf7cb41f3e015c70a3f0e"
  integrity sha512-LGZzkgtLY79GeXLm8Dp0BVLdQlWICzBnJz/ipWUgo59qBaZ+BHtq51P2q1uVZlppMuUAT37SDk39qUbjTWB7bA==
  dependencies:
    regenerate "^1.4.0"

regenerate@^1.4.0:
  version "1.4.0"
  resolved "https://registry.yarnpkg.com/regenerate/-/regenerate-1.4.0.tgz#4a856ec4b56e4077c557589cae85e7a4c8869a11"
  integrity sha512-1G6jJVDWrt0rK99kBjvEtziZNCICAuvIPkSiUFIQxVP06RCVpq3dmDo2oi6ABpYaDYaTRr67BEhL8r1wgEZZKg==

regexpu-core@^4.6.0:
  version "4.6.0"
  resolved "https://registry.yarnpkg.com/regexpu-core/-/regexpu-core-4.6.0.tgz#2037c18b327cfce8a6fea2a4ec441f2432afb8b6"
  integrity sha512-YlVaefl8P5BnFYOITTNzDvan1ulLOiXJzCNZxduTIosN17b87h3bvG9yHMoHaRuo88H4mQ06Aodj5VtYGGGiTg==
  dependencies:
    regenerate "^1.4.0"
    regenerate-unicode-properties "^8.1.0"
    regjsgen "^0.5.0"
    regjsparser "^0.6.0"
    unicode-match-property-ecmascript "^1.0.4"
    unicode-match-property-value-ecmascript "^1.1.0"

regjsgen@^0.5.0:
  version "0.5.1"
  resolved "https://registry.yarnpkg.com/regjsgen/-/regjsgen-0.5.1.tgz#48f0bf1a5ea205196929c0d9798b42d1ed98443c"
  integrity sha512-5qxzGZjDs9w4tzT3TPhCJqWdCc3RLYwy9J2NB0nm5Lz+S273lvWcpjaTGHsT1dc6Hhfq41uSEOw8wBmxrKOuyg==

regjsparser@^0.6.0:
  version "0.6.0"
  resolved "https://registry.yarnpkg.com/regjsparser/-/regjsparser-0.6.0.tgz#f1e6ae8b7da2bae96c99399b868cd6c933a2ba9c"
  integrity sha512-RQ7YyokLiQBomUJuUG8iGVvkgOLxwyZM8k6d3q5SAXpg4r5TZJZigKFvC6PpD+qQ98bCDC5YelPeA3EucDoNeQ==
  dependencies:
    jsesc "~0.5.0"

to-fast-properties@^2.0.0:
  version "2.0.0"
  resolved "https://registry.yarnpkg.com/to-fast-properties/-/to-fast-properties-2.0.0.tgz#dc5e698cbd079265bc73e0377681a4e4e83f616e"
  integrity sha1-3F5pjL0HkmW8c+A3doGk5Og/YW4=

unicode-canonical-property-names-ecmascript@^1.0.4:
  version "1.0.4"
  resolved "https://registry.yarnpkg.com/unicode-canonical-property-names-ecmascript/-/unicode-canonical-property-names-ecmascript-1.0.4.tgz#2619800c4c825800efdd8343af7dd9933cbe2818"
  integrity sha512-jDrNnXWHd4oHiTZnx/ZG7gtUTVp+gCcTTKr8L0HjlwphROEW3+Him+IpvC+xcJEFegapiMZyZe02CyuOnRmbnQ==

unicode-match-property-ecmascript@^1.0.4:
  version "1.0.4"
  resolved "https://registry.yarnpkg.com/unicode-match-property-ecmascript/-/unicode-match-property-ecmascript-1.0.4.tgz#8ed2a32569961bce9227d09cd3ffbb8fed5f020c"
  integrity sha512-L4Qoh15vTfntsn4P1zqnHulG0LdXgjSO035fEpdtp6YxXhMT51Q6vgM5lYdG/5X3MjS+k/Y9Xw4SFCY9IkR0rg==
  dependencies:
    unicode-canonical-property-names-ecmascript "^1.0.4"
    unicode-property-aliases-ecmascript "^1.0.4"

unicode-match-property-value-ecmascript@^1.1.0:
  version "1.1.0"
  resolved "https://registry.yarnpkg.com/unicode-match-property-value-ecmascript/-/unicode-match-property-value-ecmascript-1.1.0.tgz#5b4b426e08d13a80365e0d657ac7a6c1ec46a277"
  integrity sha512-hDTHvaBk3RmFzvSl0UVrUmC3PuW9wKVnpoUDYH0JDkSIovzw+J5viQmeYHxVSBptubnr7PbH2e0fnpDRQnQl5g==

unicode-property-aliases-ecmascript@^1.0.4:
  version "1.0.5"
  resolved "https://registry.yarnpkg.com/unicode-property-aliases-ecmascript/-/unicode-property-aliases-ecmascript-1.0.5.tgz#a9cc6cc7ce63a0a3023fc99e341b94431d405a57"
  integrity sha512-L5RAqCfXqAwR3RriF8pM0lU0w4Ryf/GgzONwi6KnL1taJQa7x1TCxdJnILX59WIGOwR57IVxn7Nej0fz1Ny6fw==
